// !$*UTF8*$!
{
	archiveVersion = 1;
	classes = {
	};
	objectVersion = 50;
	objects = {

/* Begin PBXBuildFile section */
		F1FCABDA24409E940098C4EB /* AppDelegate.swift in Sources */ = {isa = PBXBuildFile; fileRef = F1FCABD924409E940098C4EB /* AppDelegate.swift */; };
		F1FCABDC24409E940098C4EB /* SceneDelegate.swift in Sources */ = {isa = PBXBuildFile; fileRef = F1FCABDB24409E940098C4EB /* SceneDelegate.swift */; };
		F1FCABDE24409E940098C4EB /* ContentView.swift in Sources */ = {isa = PBXBuildFile; fileRef = F1FCABDD24409E940098C4EB /* ContentView.swift */; };
		F1FCABE024409E950098C4EB /* Assets.xcassets in Resources */ = {isa = PBXBuildFile; fileRef = F1FCABDF24409E950098C4EB /* Assets.xcassets */; };
		F1FCABE324409E950098C4EB /* Preview Assets.xcassets in Resources */ = {isa = PBXBuildFile; fileRef = F1FCABE224409E950098C4EB /* Preview Assets.xcassets */; };
		F1FCABE624409E950098C4EB /* LaunchScreen.storyboard in Resources */ = {isa = PBXBuildFile; fileRef = F1FCABE424409E950098C4EB /* LaunchScreen.storyboard */; };
/* End PBXBuildFile section */

/* Begin PBXFileReference section */
		F1FCABD624409E940098C4EB /* PlayWithImages.app */ = {isa = PBXFileReference; explicitFileType = wrapper.application; includeInIndex = 0; path = PlayWithImages.app; sourceTree = BUILT_PRODUCTS_DIR; };
		F1FCABD924409E940098C4EB /* AppDelegate.swift */ = {isa = PBXFileReference; lastKnownFileType = sourcecode.swift; path = AppDelegate.swift; sourceTree = "<group>"; };
		F1FCABDB24409E940098C4EB /* SceneDelegate.swift */ = {isa = PBXFileReference; lastKnownFileType = sourcecode.swift; path = SceneDelegate.swift; sourceTree = "<group>"; };
		F1FCABDD24409E940098C4EB /* ContentView.swift */ = {isa = PBXFileReference; lastKnownFileType = sourcecode.swift; path = ContentView.swift; sourceTree = "<group>"; };
		F1FCABDF24409E950098C4EB /* Assets.xcassets */ = {isa = PBXFileReference; lastKnownFileType = folder.assetcatalog; path = Assets.xcassets; sourceTree = "<group>"; };
		F1FCABE224409E950098C4EB /* Preview Assets.xcassets */ = {isa = PBXFileReference; lastKnownFileType = folder.assetcatalog; path = "Preview Assets.xcassets"; sourceTree = "<group>"; };
		F1FCABE524409E950098C4EB /* Base */ = {isa = PBXFileReference; lastKnownFileType = file.storyboard; name = Base; path = Base.lproj/LaunchScreen.storyboard; sourceTree = "<group>"; };
		F1FCABE724409E950098C4EB /* Info.plist */ = {isa = PBXFileReference; lastKnownFileType = text.plist.xml; path = Info.plist; sourceTree = "<group>"; };
/* End PBXFileReference section */

/* Begin PBXFrameworksBuildPhase section */
		F1FCABD324409E940098C4EB /* Frameworks */ = {
			isa = PBXFrameworksBuildPhase;
			buildActionMask = 2147483647;
			files = (
			);
			runOnlyForDeploymentPostprocessing = 0;
		};
/* End PBXFrameworksBuildPhase section */

/* Begin PBXGroup section */
		F1FCABCD24409E940098C4EB = {
			isa = PBXGroup;
			children = (
				F1FCABD824409E940098C4EB /* PlayWithImages */,
				F1FCABD724409E940098C4EB /* Products */,
			);
			sourceTree = "<group>";
		};
		F1FCABD724409E940098C4EB /* Products */ = {
			isa = PBXGroup;
			children = (
				F1FCABD624409E940098C4EB /* PlayWithImages.app */,
			);
			name = Products;
			sourceTree = "<group>";
		};
		F1FCABD824409E940098C4EB /* PlayWithImages */ = {
			isa = PBXGroup;
			children = (
				F1FCABD924409E940098C4EB /* AppDelegate.swift */,
				F1FCABDB24409E940098C4EB /* SceneDelegate.swift */,
				F1FCABDD24409E940098C4EB /* ContentView.swift */,
				F1FCABDF24409E950098C4EB /* Assets.xcassets */,
				F1FCABE424409E950098C4EB /* LaunchScreen.storyboard */,
				F1FCABE724409E950098C4EB /* Info.plist */,
				F1FCABE124409E950098C4EB /* Preview Content */,
			);
			path = PlayWithImages;
			sourceTree = "<group>";
		};
		F1FCABE124409E950098C4EB /* Preview Content */ = {
			isa = PBXGroup;
			children = (
				F1FCABE224409E950098C4EB /* Preview Assets.xcassets */,
			);
			path = "Preview Content";
			sourceTree = "<group>";
		};
/* End PBXGroup section */

/* Begin PBXNativeTarget section */
		F1FCABD524409E940098C4EB /* PlayWithImages */ = {
			isa = PBXNativeTarget;
			buildConfigurationList = F1FCABEA24409E950098C4EB /* Build configuration list for PBXNativeTarget "PlayWithImages" */;
			buildPhases = (
				F1FCABD224409E940098C4EB /* Sources */,
				F1FCABD324409E940098C4EB /* Frameworks */,
				F1FCABD424409E940098C4EB /* Resources */,
			);
			buildRules = (
			);
			dependencies = (
			);
			name = PlayWithImages;
			productName = PlayWithImages;
			productReference = F1FCABD624409E940098C4EB /* PlayWithImages.app */;
			productType = "com.apple.product-type.application";
		};
/* End PBXNativeTarget section */

/* Begin PBXProject section */
		F1FCABCE24409E940098C4EB /* Project object */ = {
			isa = PBXProject;
			attributes = {
				LastSwiftUpdateCheck = 1140;
				LastUpgradeCheck = 1140;
				ORGANIZATIONNAME = "Sergio Becerril";
				TargetAttributes = {
					F1FCABD524409E940098C4EB = {
						CreatedOnToolsVersion = 11.4;
					};
				};
			};
			buildConfigurationList = F1FCABD124409E940098C4EB /* Build configuration list for PBXProject "PlayWithImages" */;
			compatibilityVersion = "Xcode 9.3";
			developmentRegion = en;
			hasScannedForEncodings = 0;
			knownRegions = (
				en,
				Base,
			);
			mainGroup = F1FCABCD24409E940098C4EB;
			productRefGroup = F1FCABD724409E940098C4EB /* Products */;
			projectDirPath = "";
			projectRoot = "";
			targets = (
				F1FCABD524409E940098C4EB /* PlayWithImages */,
			);
		};
/* End PBXProject section */

/* Begin PBXResourcesBuildPhase section */
		F1FCABD424409E940098C4EB /* Resources */ = {
			isa = PBXResourcesBuildPhase;
			buildActionMask = 2147483647;
			files = (
				F1FCABE624409E950098C4EB /* LaunchScreen.storyboard in Resources */,
				F1FCABE324409E950098C4EB /* Preview Assets.xcassets in Resources */,
				F1FCABE024409E950098C4EB /* Assets.xcassets in Resources */,
			);
			runOnlyForDeploymentPostprocessing = 0;
		};
/* End PBXResourcesBuildPhase section */

/* Begin PBXSourcesBuildPhase section */
		F1FCABD224409E940098C4EB /* Sources */ = {
			isa = PBXSourcesBuildPhase;
			buildActionMask = 2147483647;
			files = (
				F1FCABDA24409E940098C4EB /* AppDelegate.swift in Sources */,
				F1FCABDC24409E940098C4EB /* SceneDelegate.swift in Sources */,
				F1FCABDE24409E940098C4EB /* ContentView.swift in Sources */,
			);
			runOnlyForDeploymentPostprocessing = 0;
		};
/* End PBXSourcesBuildPhase section */

/* Begin PBXVariantGroup section */
		F1FCABE424409E950098C4EB /* LaunchScreen.storyboard */ = {
			isa = PBXVariantGroup;
			children = (
				F1FCABE524409E950098C4EB /* Base */,
			);
			name = LaunchScreen.storyboard;
			sourceTree = "<group>";
		};
/* End PBXVariantGroup section */

/* Begin XCBuildConfiguration section */
		F1FCABE824409E950098C4EB /* Debug */ = {
			isa = XCBuildConfiguration;
			buildSettings = {
				ALWAYS_SEARCH_USER_PATHS = NO;
				CLANG_ANALYZER_NONNULL = YES;
				CLANG_ANALYZER_NUMBER_OBJECT_CONVERSION = YES_AGGRESSIVE;
				CLANG_CXX_LANGUAGE_STANDARD = "gnu++14";
				CLANG_CXX_LIBRARY = "libc++";
				CLANG_ENABLE_MODULES = YES;
				CLANG_ENABLE_OBJC_ARC = YES;
				CLANG_ENABLE_OBJC_WEAK = YES;
				CLANG_WARN_BLOCK_CAPTURE_AUTORELEASING = YES;
				CLANG_WARN_BOOL_CONVERSION = YES;
				CLANG_WARN_COMMA = YES;
				CLANG_WARN_CONSTANT_CONVERSION = YES;
				CLANG_WARN_DEPRECATED_OBJC_IMPLEMENTATIONS = YES;
				CLANG_WARN_DIRECT_OBJC_ISA_USAGE = YES_ERROR;
				CLANG_WARN_DOCUMENTATION_COMMENTS = YES;
				CLANG_WARN_EMPTY_BODY = YES;
				CLANG_WARN_ENUM_CONVERSION = YES;
				CLANG_WARN_INFINITE_RECURSION = YES;
				CLANG_WARN_INT_CONVERSION = YES;
				CLANG_WARN_NON_LITERAL_NULL_CONVERSION = YES;
				CLANG_WARN_OBJC_IMPLICIT_RETAIN_SELF = YES;
				CLANG_WARN_OBJC_LITERAL_CONVERSION = YES;
				CLANG_WARN_OBJC_ROOT_CLASS = YES_ERROR;
				CLANG_WARN_RANGE_LOOP_ANALYSIS = YES;
				CLANG_WARN_STRICT_PROTOTYPES = YES;
				CLANG_WARN_SUSPICIOUS_MOVE = YES;
				CLANG_WARN_UNGUARDED_AVAILABILITY = YES_AGGRESSIVE;
				CLANG_WARN_UNREACHABLE_CODE = YES;
				CLANG_WARN__DUPLICATE_METHOD_MATCH = YES;
				COPY_PHASE_STRIP = NO;
				DEBUG_INFORMATION_FORMAT = dwarf;
				ENABLE_STRICT_OBJC_MSGSEND = YES;
				ENABLE_TESTABILITY = YES;
				GCC_C_LANGUAGE_STANDARD = gnu11;
				GCC_DYNAMIC_NO_PIC = NO;
				GCC_NO_COMMON_BLOCKS = YES;
				GCC_OPTIMIZATION_LEVEL = 0;
				GCC_PREPROCESSOR_DEFINITIONS = (
					"DEBUG=1",
					"$(inherited)",
				);
				GCC_WARN_64_TO_32_BIT_CONVERSION = YES;
				GCC_WARN_ABOUT_RETURN_TYPE = YES_ERROR;
				GCC_WARN_UNDECLARED_SELECTOR = YES;
				GCC_WARN_UNINITIALIZED_AUTOS = YES_AGGRESSIVE;
				GCC_WARN_UNUSED_FUNCTION = YES;
				GCC_WARN_UNUSED_VARIABLE = YES;
				IPHONEOS_DEPLOYMENT_TARGET = 13.4;
				MTL_ENABLE_DEBUG_INFO = INCLUDE_SOURCE;
				MTL_FAST_MATH = YES;
				ONLY_ACTIVE_ARCH = YES;
				SDKROOT = iphoneos;
				SWIFT_ACTIVE_COMPILATION_CONDITIONS = DEBUG;
				SWIFT_OPTIMIZATION_LEVEL = "-Onone";
			};
			name = Debug;
		};
		F1FCABE924409E950098C4EB /* Release */ = {
			isa = XCBuildConfiguration;
			buildSettings = {
				ALWAYS_SEARCH_USER_PATHS = NO;
				CLANG_ANALYZER_NONNULL = YES;
				CLANG_ANALYZER_NUMBER_OBJECT_CONVERSION = YES_AGGRESSIVE;
				CLANG_CXX_LANGUAGE_STANDARD = "gnu++14";
				CLANG_CXX_LIBRARY = "libc++";
				CLANG_ENABLE_MODULES = YES;
				CLANG_ENABLE_OBJC_ARC = YES;
				CLANG_ENABLE_OBJC_WEAK = YES;
				CLANG_WARN_BLOCK_CAPTURE_AUTORELEASING = YES;
				CLANG_WARN_BOOL_CONVERSION = YES;
				CLANG_WARN_COMMA = YES;
				CLANG_WARN_CONSTANT_CONVERSION = YES;
				CLANG_WARN_DEPRECATED_OBJC_IMPLEMENTATIONS = YES;
				CLANG_WARN_DIRECT_OBJC_ISA_USAGE = YES_ERROR;
				CLANG_WARN_DOCUMENTATION_COMMENTS = YES;
				CLANG_WARN_EMPTY_BODY = YES;
				CLANG_WARN_ENUM_CONVERSION = YES;
				CLANG_WARN_INFINITE_RECURSION = YES;
				CLANG_WARN_INT_CONVERSION = YES;
				CLANG_WARN_NON_LITERAL_NULL_CONVERSION = YES;
				CLANG_WARN_OBJC_IMPLICIT_RETAIN_SELF = YES;
				CLANG_WARN_OBJC_LITERAL_CONVERSION = YES;
				CLANG_WARN_OBJC_ROOT_CLASS = YES_ERROR;
				CLANG_WARN_RANGE_LOOP_ANALYSIS = YES;
				CLANG_WARN_STRICT_PROTOTYPES = YES;
				CLANG_WARN_SUSPICIOUS_MOVE = YES;
				CLANG_WARN_UNGUARDED_AVAILABILITY = YES_AGGRESSIVE;
				CLANG_WARN_UNREACHABLE_CODE = YES;
				CLANG_WARN__DUPLICATE_METHOD_MATCH = YES;
				COPY_PHASE_STRIP = NO;
				DEBUG_INFORMATION_FORMAT = "dwarf-with-dsym";
				ENABLE_NS_ASSERTIONS = NO;
				ENABLE_STRICT_OBJC_MSGSEND = YES;
				GCC_C_LANGUAGE_STANDARD = gnu11;
				GCC_NO_COMMON_BLOCKS = YES;
				GCC_WARN_64_TO_32_BIT_CONVERSION = YES;
				GCC_WARN_ABOUT_RETURN_TYPE = YES_ERROR;
				GCC_WARN_UNDECLARED_SELECTOR = YES;
				GCC_WARN_UNINITIALIZED_AUTOS = YES_AGGRESSIVE;
				GCC_WARN_UNUSED_FUNCTION = YES;
				GCC_WARN_UNUSED_VARIABLE = YES;
				IPHONEOS_DEPLOYMENT_TARGET = 13.4;
				MTL_ENABLE_DEBUG_INFO = NO;
				MTL_FAST_MATH = YES;
				SDKROOT = iphoneos;
				SWIFT_COMPILATION_MODE = wholemodule;
				SWIFT_OPTIMIZATION_LEVEL = "-O";
				VALIDATE_PRODUCT = YES;
			};
			name = Release;
		};
		F1FCABEB24409E950098C4EB /* Debug */ = {
			isa = XCBuildConfiguration;
			buildSettings = {
				ASSETCATALOG_COMPILER_APPICON_NAME = AppIcon;
				CODE_SIGN_STYLE = Automatic;
				DEVELOPMENT_ASSET_PATHS = "\"PlayWithImages/Preview Content\"";
				DEVELOPMENT_TEAM = 949U3Q464W;
				ENABLE_PREVIEWS = YES;
				INFOPLIST_FILE = PlayWithImages/Info.plist;
				LD_RUNPATH_SEARCH_PATHS = (
					"$(inherited)",
					"@executable_path/Frameworks",
				);
				PRODUCT_BUNDLE_IDENTIFIER = com.sergiobecerril.PlayWithImages;
				PRODUCT_NAME = "$(TARGET_NAME)";
				SWIFT_VERSION = 5.0;
				TARGETED_DEVICE_FAMILY = "1,2";
			};
			name = Debug;
		};
		F1FCABEC24409E950098C4EB /* Release */ = {
			isa = XCBuildConfiguration;
			buildSettings = {
				ASSETCATALOG_COMPILER_APPICON_NAME = AppIcon;
				CODE_SIGN_STYLE = Automatic;
				DEVELOPMENT_ASSET_PATHS = "\"PlayWithImages/Preview Content\"";
				DEVELOPMENT_TEAM = 949U3Q464W;
				ENABLE_PREVIEWS = YES;
				INFOPLIST_FILE = PlayWithImages/Info.plist;
				LD_RUNPATH_SEARCH_PATHS = (
					"$(inherited)",
					"@executable_path/Frameworks",
				);
				PRODUCT_BUNDLE_IDENTIFIER = com.sergiobecerril.PlayWithImages;
				PRODUCT_NAME = "$(TARGET_NAME)";
				SWIFT_VERSION = 5.0;
				TARGETED_DEVICE_FAMILY = "1,2";
			};
			name = Release;
		};
/* End XCBuildConfiguration section */

/* Begin XCConfigurationList section */
		F1FCABD124409E940098C4EB /* Build configuration list for PBXProject "PlayWithImages" */ = {
			isa = XCConfigurationList;
			buildConfigurations = (
				F1FCABE824409E950098C4EB /* Debug */,
				F1FCABE924409E950098C4EB /* Release */,
			);
			defaultConfigurationIsVisible = 0;
			defaultConfigurationName = Release;
		};
		F1FCABEA24409E950098C4EB /* Build configuration list for PBXNativeTarget "PlayWithImages" */ = {
			isa = XCConfigurationList;
			buildConfigurations = (
				F1FCABEB24409E950098C4EB /* Debug */,
				F1FCABEC24409E950098C4EB /* Release */,
			);
			defaultConfigurationIsVisible = 0;
			defaultConfigurationName = Release;
		};
/* End XCConfigurationList section */
	};
	rootObject = F1FCABCE24409E940098C4EB /* Project object */;
}
