// !$*UTF8*$!
{
	archiveVersion = 1;
	classes = {
	};
	objectVersion = 50;
	objects = {

/* Begin PBXBuildFile section */
		F1AD40DE2440A4FA006237BA /* AppDelegate.swift in Sources */ = {isa = PBXBuildFile; fileRef = F1AD40DD2440A4FA006237BA /* AppDelegate.swift */; };
		F1AD40E02440A4FA006237BA /* SceneDelegate.swift in Sources */ = {isa = PBXBuildFile; fileRef = F1AD40DF2440A4FA006237BA /* SceneDelegate.swift */; };
		F1AD40E22440A4FA006237BA /* ContentView.swift in Sources */ = {isa = PBXBuildFile; fileRef = F1AD40E12440A4FA006237BA /* ContentView.swift */; };
		F1AD40E42440A4FB006237BA /* Assets.xcassets in Resources */ = {isa = PBXBuildFile; fileRef = F1AD40E32440A4FB006237BA /* Assets.xcassets */; };
		F1AD40E72440A4FB006237BA /* Preview Assets.xcassets in Resources */ = {isa = PBXBuildFile; fileRef = F1AD40E62440A4FB006237BA /* Preview Assets.xcassets */; };
		F1AD40EA2440A4FB006237BA /* LaunchScreen.storyboard in Resources */ = {isa = PBXBuildFile; fileRef = F1AD40E82440A4FB006237BA /* LaunchScreen.storyboard */; };
/* End PBXBuildFile section */

/* Begin PBXFileReference section */
		F1AD40DA2440A4FA006237BA /* AlerViewWithSwiftUI.app */ = {isa = PBXFileReference; explicitFileType = wrapper.application; includeInIndex = 0; path = AlerViewWithSwiftUI.app; sourceTree = BUILT_PRODUCTS_DIR; };
		F1AD40DD2440A4FA006237BA /* AppDelegate.swift */ = {isa = PBXFileReference; lastKnownFileType = sourcecode.swift; path = AppDelegate.swift; sourceTree = "<group>"; };
		F1AD40DF2440A4FA006237BA /* SceneDelegate.swift */ = {isa = PBXFileReference; lastKnownFileType = sourcecode.swift; path = SceneDelegate.swift; sourceTree = "<group>"; };
		F1AD40E12440A4FA006237BA /* ContentView.swift */ = {isa = PBXFileReference; lastKnownFileType = sourcecode.swift; path = ContentView.swift; sourceTree = "<group>"; };
		F1AD40E32440A4FB006237BA /* Assets.xcassets */ = {isa = PBXFileReference; lastKnownFileType = folder.assetcatalog; path = Assets.xcassets; sourceTree = "<group>"; };
		F1AD40E62440A4FB006237BA /* Preview Assets.xcassets */ = {isa = PBXFileReference; lastKnownFileType = folder.assetcatalog; path = "Preview Assets.xcassets"; sourceTree = "<group>"; };
		F1AD40E92440A4FB006237BA /* Base */ = {isa = PBXFileReference; lastKnownFileType = file.storyboard; name = Base; path = Base.lproj/LaunchScreen.storyboard; sourceTree = "<group>"; };
		F1AD40EB2440A4FB006237BA /* Info.plist */ = {isa = PBXFileReference; lastKnownFileType = text.plist.xml; path = Info.plist; sourceTree = "<group>"; };
/* End PBXFileReference section */

/* Begin PBXFrameworksBuildPhase section */
		F1AD40D72440A4FA006237BA /* Frameworks */ = {
			isa = PBXFrameworksBuildPhase;
			buildActionMask = 2147483647;
			files = (
			);
			runOnlyForDeploymentPostprocessing = 0;
		};
/* End PBXFrameworksBuildPhase section */

/* Begin PBXGroup section */
		F1AD40D12440A4FA006237BA = {
			isa = PBXGroup;
			children = (
				F1AD40DC2440A4FA006237BA /* AlerViewWithSwiftUI */,
				F1AD40DB2440A4FA006237BA /* Products */,
			);
			sourceTree = "<group>";
		};
		F1AD40DB2440A4FA006237BA /* Products */ = {
			isa = PBXGroup;
			children = (
				F1AD40DA2440A4FA006237BA /* AlerViewWithSwiftUI.app */,
			);
			name = Products;
			sourceTree = "<group>";
		};
		F1AD40DC2440A4FA006237BA /* AlerViewWithSwiftUI */ = {
			isa = PBXGroup;
			children = (
				F1AD40DD2440A4FA006237BA /* AppDelegate.swift */,
				F1AD40DF2440A4FA006237BA /* SceneDelegate.swift */,
				F1AD40E12440A4FA006237BA /* ContentView.swift */,
				F1AD40E32440A4FB006237BA /* Assets.xcassets */,
				F1AD40E82440A4FB006237BA /* LaunchScreen.storyboard */,
				F1AD40EB2440A4FB006237BA /* Info.plist */,
				F1AD40E52440A4FB006237BA /* Preview Content */,
			);
			path = AlerViewWithSwiftUI;
			sourceTree = "<group>";
		};
		F1AD40E52440A4FB006237BA /* Preview Content */ = {
			isa = PBXGroup;
			children = (
				F1AD40E62440A4FB006237BA /* Preview Assets.xcassets */,
			);
			path = "Preview Content";
			sourceTree = "<group>";
		};
/* End PBXGroup section */

/* Begin PBXNativeTarget section */
		F1AD40D92440A4FA006237BA /* AlerViewWithSwiftUI */ = {
			isa = PBXNativeTarget;
			buildConfigurationList = F1AD40EE2440A4FB006237BA /* Build configuration list for PBXNativeTarget "AlerViewWithSwiftUI" */;
			buildPhases = (
				F1AD40D62440A4FA006237BA /* Sources */,
				F1AD40D72440A4FA006237BA /* Frameworks */,
				F1AD40D82440A4FA006237BA /* Resources */,
			);
			buildRules = (
			);
			dependencies = (
			);
			name = AlerViewWithSwiftUI;
			productName = AlerViewWithSwiftUI;
			productReference = F1AD40DA2440A4FA006237BA /* AlerViewWithSwiftUI.app */;
			productType = "com.apple.product-type.application";
		};
/* End PBXNativeTarget section */

/* Begin PBXProject section */
		F1AD40D22440A4FA006237BA /* Project object */ = {
			isa = PBXProject;
			attributes = {
				LastSwiftUpdateCheck = 1140;
				LastUpgradeCheck = 1140;
				ORGANIZATIONNAME = "Sergio Becerril";
				TargetAttributes = {
					F1AD40D92440A4FA006237BA = {
						CreatedOnToolsVersion = 11.4;
					};
				};
			};
			buildConfigurationList = F1AD40D52440A4FA006237BA /* Build configuration list for PBXProject "AlerViewWithSwiftUI" */;
			compatibilityVersion = "Xcode 9.3";
			developmentRegion = en;
			hasScannedForEncodings = 0;
			knownRegions = (
				en,
				Base,
			);
			mainGroup = F1AD40D12440A4FA006237BA;
			productRefGroup = F1AD40DB2440A4FA006237BA /* Products */;
			projectDirPath = "";
			projectRoot = "";
			targets = (
				F1AD40D92440A4FA006237BA /* AlerViewWithSwiftUI */,
			);
		};
/* End PBXProject section */

/* Begin PBXResourcesBuildPhase section */
		F1AD40D82440A4FA006237BA /* Resources */ = {
			isa = PBXResourcesBuildPhase;
			buildActionMask = 2147483647;
			files = (
				F1AD40EA2440A4FB006237BA /* LaunchScreen.storyboard in Resources */,
				F1AD40E72440A4FB006237BA /* Preview Assets.xcassets in Resources */,
				F1AD40E42440A4FB006237BA /* Assets.xcassets in Resources */,
			);
			runOnlyForDeploymentPostprocessing = 0;
		};
/* End PBXResourcesBuildPhase section */

/* Begin PBXSourcesBuildPhase section */
		F1AD40D62440A4FA006237BA /* Sources */ = {
			isa = PBXSourcesBuildPhase;
			buildActionMask = 2147483647;
			files = (
				F1AD40DE2440A4FA006237BA /* AppDelegate.swift in Sources */,
				F1AD40E02440A4FA006237BA /* SceneDelegate.swift in Sources */,
				F1AD40E22440A4FA006237BA /* ContentView.swift in Sources */,
			);
			runOnlyForDeploymentPostprocessing = 0;
		};
/* End PBXSourcesBuildPhase section */

/* Begin PBXVariantGroup section */
		F1AD40E82440A4FB006237BA /* LaunchScreen.storyboard */ = {
			isa = PBXVariantGroup;
			children = (
				F1AD40E92440A4FB006237BA /* Base */,
			);
			name = LaunchScreen.storyboard;
			sourceTree = "<group>";
		};
/* End PBXVariantGroup section */

/* Begin XCBuildConfiguration section */
		F1AD40EC2440A4FB006237BA /* Debug */ = {
			isa = XCBuildConfiguration;
			buildSettings = {
				ALWAYS_SEARCH_USER_PATHS = NO;
				CLANG_ANALYZER_NONNULL = YES;
				CLANG_ANALYZER_NUMBER_OBJECT_CONVERSION = YES_AGGRESSIVE;
				CLANG_CXX_LANGUAGE_STANDARD = "gnu++14";
				CLANG_CXX_LIBRARY = "libc++";
				CLANG_ENABLE_MODULES = YES;
				CLANG_ENABLE_OBJC_ARC = YES;
				CLANG_ENABLE_OBJC_WEAK = YES;
				CLANG_WARN_BLOCK_CAPTURE_AUTORELEASING = YES;
				CLANG_WARN_BOOL_CONVERSION = YES;
				CLANG_WARN_COMMA = YES;
				CLANG_WARN_CONSTANT_CONVERSION = YES;
				CLANG_WARN_DEPRECATED_OBJC_IMPLEMENTATIONS = YES;
				CLANG_WARN_DIRECT_OBJC_ISA_USAGE = YES_ERROR;
				CLANG_WARN_DOCUMENTATION_COMMENTS = YES;
				CLANG_WARN_EMPTY_BODY = YES;
				CLANG_WARN_ENUM_CONVERSION = YES;
				CLANG_WARN_INFINITE_RECURSION = YES;
				CLANG_WARN_INT_CONVERSION = YES;
				CLANG_WARN_NON_LITERAL_NULL_CONVERSION = YES;
				CLANG_WARN_OBJC_IMPLICIT_RETAIN_SELF = YES;
				CLANG_WARN_OBJC_LITERAL_CONVERSION = YES;
				CLANG_WARN_OBJC_ROOT_CLASS = YES_ERROR;
				CLANG_WARN_RANGE_LOOP_ANALYSIS = YES;
				CLANG_WARN_STRICT_PROTOTYPES = YES;
				CLANG_WARN_SUSPICIOUS_MOVE = YES;
				CLANG_WARN_UNGUARDED_AVAILABILITY = YES_AGGRESSIVE;
				CLANG_WARN_UNREACHABLE_CODE = YES;
				CLANG_WARN__DUPLICATE_METHOD_MATCH = YES;
				COPY_PHASE_STRIP = NO;
				DEBUG_INFORMATION_FORMAT = dwarf;
				ENABLE_STRICT_OBJC_MSGSEND = YES;
				ENABLE_TESTABILITY = YES;
				GCC_C_LANGUAGE_STANDARD = gnu11;
				GCC_DYNAMIC_NO_PIC = NO;
				GCC_NO_COMMON_BLOCKS = YES;
				GCC_OPTIMIZATION_LEVEL = 0;
				GCC_PREPROCESSOR_DEFINITIONS = (
					"DEBUG=1",
					"$(inherited)",
				);
				GCC_WARN_64_TO_32_BIT_CONVERSION = YES;
				GCC_WARN_ABOUT_RETURN_TYPE = YES_ERROR;
				GCC_WARN_UNDECLARED_SELECTOR = YES;
				GCC_WARN_UNINITIALIZED_AUTOS = YES_AGGRESSIVE;
				GCC_WARN_UNUSED_FUNCTION = YES;
				GCC_WARN_UNUSED_VARIABLE = YES;
				IPHONEOS_DEPLOYMENT_TARGET = 13.4;
				MTL_ENABLE_DEBUG_INFO = INCLUDE_SOURCE;
				MTL_FAST_MATH = YES;
				ONLY_ACTIVE_ARCH = YES;
				SDKROOT = iphoneos;
				SWIFT_ACTIVE_COMPILATION_CONDITIONS = DEBUG;
				SWIFT_OPTIMIZATION_LEVEL = "-Onone";
			};
			name = Debug;
		};
		F1AD40ED2440A4FB006237BA /* Release */ = {
			isa = XCBuildConfiguration;
			buildSettings = {
				ALWAYS_SEARCH_USER_PATHS = NO;
				CLANG_ANALYZER_NONNULL = YES;
				CLANG_ANALYZER_NUMBER_OBJECT_CONVERSION = YES_AGGRESSIVE;
				CLANG_CXX_LANGUAGE_STANDARD = "gnu++14";
				CLANG_CXX_LIBRARY = "libc++";
				CLANG_ENABLE_MODULES = YES;
				CLANG_ENABLE_OBJC_ARC = YES;
				CLANG_ENABLE_OBJC_WEAK = YES;
				CLANG_WARN_BLOCK_CAPTURE_AUTORELEASING = YES;
				CLANG_WARN_BOOL_CONVERSION = YES;
				CLANG_WARN_COMMA = YES;
				CLANG_WARN_CONSTANT_CONVERSION = YES;
				CLANG_WARN_DEPRECATED_OBJC_IMPLEMENTATIONS = YES;
				CLANG_WARN_DIRECT_OBJC_ISA_USAGE = YES_ERROR;
				CLANG_WARN_DOCUMENTATION_COMMENTS = YES;
				CLANG_WARN_EMPTY_BODY = YES;
				CLANG_WARN_ENUM_CONVERSION = YES;
				CLANG_WARN_INFINITE_RECURSION = YES;
				CLANG_WARN_INT_CONVERSION = YES;
				CLANG_WARN_NON_LITERAL_NULL_CONVERSION = YES;
				CLANG_WARN_OBJC_IMPLICIT_RETAIN_SELF = YES;
				CLANG_WARN_OBJC_LITERAL_CONVERSION = YES;
				CLANG_WARN_OBJC_ROOT_CLASS = YES_ERROR;
				CLANG_WARN_RANGE_LOOP_ANALYSIS = YES;
				CLANG_WARN_STRICT_PROTOTYPES = YES;
				CLANG_WARN_SUSPICIOUS_MOVE = YES;
				CLANG_WARN_UNGUARDED_AVAILABILITY = YES_AGGRESSIVE;
				CLANG_WARN_UNREACHABLE_CODE = YES;
				CLANG_WARN__DUPLICATE_METHOD_MATCH = YES;
				COPY_PHASE_STRIP = NO;
				DEBUG_INFORMATION_FORMAT = "dwarf-with-dsym";
				ENABLE_NS_ASSERTIONS = NO;
				ENABLE_STRICT_OBJC_MSGSEND = YES;
				GCC_C_LANGUAGE_STANDARD = gnu11;
				GCC_NO_COMMON_BLOCKS = YES;
				GCC_WARN_64_TO_32_BIT_CONVERSION = YES;
				GCC_WARN_ABOUT_RETURN_TYPE = YES_ERROR;
				GCC_WARN_UNDECLARED_SELECTOR = YES;
				GCC_WARN_UNINITIALIZED_AUTOS = YES_AGGRESSIVE;
				GCC_WARN_UNUSED_FUNCTION = YES;
				GCC_WARN_UNUSED_VARIABLE = YES;
				IPHONEOS_DEPLOYMENT_TARGET = 13.4;
				MTL_ENABLE_DEBUG_INFO = NO;
				MTL_FAST_MATH = YES;
				SDKROOT = iphoneos;
				SWIFT_COMPILATION_MODE = wholemodule;
				SWIFT_OPTIMIZATION_LEVEL = "-O";
				VALIDATE_PRODUCT = YES;
			};
			name = Release;
		};
		F1AD40EF2440A4FB006237BA /* Debug */ = {
			isa = XCBuildConfiguration;
			buildSettings = {
				ASSETCATALOG_COMPILER_APPICON_NAME = AppIcon;
				CODE_SIGN_STYLE = Automatic;
				DEVELOPMENT_ASSET_PATHS = "\"AlerViewWithSwiftUI/Preview Content\"";
				DEVELOPMENT_TEAM = 949U3Q464W;
				ENABLE_PREVIEWS = YES;
				INFOPLIST_FILE = AlerViewWithSwiftUI/Info.plist;
				LD_RUNPATH_SEARCH_PATHS = (
					"$(inherited)",
					"@executable_path/Frameworks",
				);
				PRODUCT_BUNDLE_IDENTIFIER = com.sergiobecerril.AlerViewWithSwiftUI;
				PRODUCT_NAME = "$(TARGET_NAME)";
				SWIFT_VERSION = 5.0;
				TARGETED_DEVICE_FAMILY = "1,2";
			};
			name = Debug;
		};
		F1AD40F02440A4FB006237BA /* Release */ = {
			isa = XCBuildConfiguration;
			buildSettings = {
				ASSETCATALOG_COMPILER_APPICON_NAME = AppIcon;
				CODE_SIGN_STYLE = Automatic;
				DEVELOPMENT_ASSET_PATHS = "\"AlerViewWithSwiftUI/Preview Content\"";
				DEVELOPMENT_TEAM = 949U3Q464W;
				ENABLE_PREVIEWS = YES;
				INFOPLIST_FILE = AlerViewWithSwiftUI/Info.plist;
				LD_RUNPATH_SEARCH_PATHS = (
					"$(inherited)",
					"@executable_path/Frameworks",
				);
				PRODUCT_BUNDLE_IDENTIFIER = com.sergiobecerril.AlerViewWithSwiftUI;
				PRODUCT_NAME = "$(TARGET_NAME)";
				SWIFT_VERSION = 5.0;
				TARGETED_DEVICE_FAMILY = "1,2";
			};
			name = Release;
		};
/* End XCBuildConfiguration section */

/* Begin XCConfigurationList section */
		F1AD40D52440A4FA006237BA /* Build configuration list for PBXProject "AlerViewWithSwiftUI" */ = {
			isa = XCConfigurationList;
			buildConfigurations = (
				F1AD40EC2440A4FB006237BA /* Debug */,
				F1AD40ED2440A4FB006237BA /* Release */,
			);
			defaultConfigurationIsVisible = 0;
			defaultConfigurationName = Release;
		};
		F1AD40EE2440A4FB006237BA /* Build configuration list for PBXNativeTarget "AlerViewWithSwiftUI" */ = {
			isa = XCConfigurationList;
			buildConfigurations = (
				F1AD40EF2440A4FB006237BA /* Debug */,
				F1AD40F02440A4FB006237BA /* Release */,
			);
			defaultConfigurationIsVisible = 0;
			defaultConfigurationName = Release;
		};
/* End XCConfigurationList section */
	};
	rootObject = F1AD40D22440A4FA006237BA /* Project object */;
}
