// !$*UTF8*$!
{
	archiveVersion = 1;
	classes = {
	};
	objectVersion = 50;
	objects = {

/* Begin PBXBuildFile section */
		F13873D82440A9C0008231AD /* AppDelegate.swift in Sources */ = {isa = PBXBuildFile; fileRef = F13873D72440A9C0008231AD /* AppDelegate.swift */; };
		F13873DA2440A9C0008231AD /* SceneDelegate.swift in Sources */ = {isa = PBXBuildFile; fileRef = F13873D92440A9C0008231AD /* SceneDelegate.swift */; };
		F13873DC2440A9C0008231AD /* ContentView.swift in Sources */ = {isa = PBXBuildFile; fileRef = F13873DB2440A9C0008231AD /* ContentView.swift */; };
		F13873DE2440A9C1008231AD /* Assets.xcassets in Resources */ = {isa = PBXBuildFile; fileRef = F13873DD2440A9C1008231AD /* Assets.xcassets */; };
		F13873E12440A9C1008231AD /* Preview Assets.xcassets in Resources */ = {isa = PBXBuildFile; fileRef = F13873E02440A9C1008231AD /* Preview Assets.xcassets */; };
		F13873E42440A9C1008231AD /* LaunchScreen.storyboard in Resources */ = {isa = PBXBuildFile; fileRef = F13873E22440A9C1008231AD /* LaunchScreen.storyboard */; };
/* End PBXBuildFile section */

/* Begin PBXFileReference section */
		F13873D42440A9C0008231AD /* ToggleWithSwiftUI.app */ = {isa = PBXFileReference; explicitFileType = wrapper.application; includeInIndex = 0; path = ToggleWithSwiftUI.app; sourceTree = BUILT_PRODUCTS_DIR; };
		F13873D72440A9C0008231AD /* AppDelegate.swift */ = {isa = PBXFileReference; lastKnownFileType = sourcecode.swift; path = AppDelegate.swift; sourceTree = "<group>"; };
		F13873D92440A9C0008231AD /* SceneDelegate.swift */ = {isa = PBXFileReference; lastKnownFileType = sourcecode.swift; path = SceneDelegate.swift; sourceTree = "<group>"; };
		F13873DB2440A9C0008231AD /* ContentView.swift */ = {isa = PBXFileReference; lastKnownFileType = sourcecode.swift; path = ContentView.swift; sourceTree = "<group>"; };
		F13873DD2440A9C1008231AD /* Assets.xcassets */ = {isa = PBXFileReference; lastKnownFileType = folder.assetcatalog; path = Assets.xcassets; sourceTree = "<group>"; };
		F13873E02440A9C1008231AD /* Preview Assets.xcassets */ = {isa = PBXFileReference; lastKnownFileType = folder.assetcatalog; path = "Preview Assets.xcassets"; sourceTree = "<group>"; };
		F13873E32440A9C1008231AD /* Base */ = {isa = PBXFileReference; lastKnownFileType = file.storyboard; name = Base; path = Base.lproj/LaunchScreen.storyboard; sourceTree = "<group>"; };
		F13873E52440A9C1008231AD /* Info.plist */ = {isa = PBXFileReference; lastKnownFileType = text.plist.xml; path = Info.plist; sourceTree = "<group>"; };
/* End PBXFileReference section */

/* Begin PBXFrameworksBuildPhase section */
		F13873D12440A9C0008231AD /* Frameworks */ = {
			isa = PBXFrameworksBuildPhase;
			buildActionMask = 2147483647;
			files = (
			);
			runOnlyForDeploymentPostprocessing = 0;
		};
/* End PBXFrameworksBuildPhase section */

/* Begin PBXGroup section */
		F13873CB2440A9C0008231AD = {
			isa = PBXGroup;
			children = (
				F13873D62440A9C0008231AD /* ToggleWithSwiftUI */,
				F13873D52440A9C0008231AD /* Products */,
			);
			sourceTree = "<group>";
		};
		F13873D52440A9C0008231AD /* Products */ = {
			isa = PBXGroup;
			children = (
				F13873D42440A9C0008231AD /* ToggleWithSwiftUI.app */,
			);
			name = Products;
			sourceTree = "<group>";
		};
		F13873D62440A9C0008231AD /* ToggleWithSwiftUI */ = {
			isa = PBXGroup;
			children = (
				F13873D72440A9C0008231AD /* AppDelegate.swift */,
				F13873D92440A9C0008231AD /* SceneDelegate.swift */,
				F13873DB2440A9C0008231AD /* ContentView.swift */,
				F13873DD2440A9C1008231AD /* Assets.xcassets */,
				F13873E22440A9C1008231AD /* LaunchScreen.storyboard */,
				F13873E52440A9C1008231AD /* Info.plist */,
				F13873DF2440A9C1008231AD /* Preview Content */,
			);
			path = ToggleWithSwiftUI;
			sourceTree = "<group>";
		};
		F13873DF2440A9C1008231AD /* Preview Content */ = {
			isa = PBXGroup;
			children = (
				F13873E02440A9C1008231AD /* Preview Assets.xcassets */,
			);
			path = "Preview Content";
			sourceTree = "<group>";
		};
/* End PBXGroup section */

/* Begin PBXNativeTarget section */
		F13873D32440A9C0008231AD /* ToggleWithSwiftUI */ = {
			isa = PBXNativeTarget;
			buildConfigurationList = F13873E82440A9C1008231AD /* Build configuration list for PBXNativeTarget "ToggleWithSwiftUI" */;
			buildPhases = (
				F13873D02440A9C0008231AD /* Sources */,
				F13873D12440A9C0008231AD /* Frameworks */,
				F13873D22440A9C0008231AD /* Resources */,
			);
			buildRules = (
			);
			dependencies = (
			);
			name = ToggleWithSwiftUI;
			productName = ToggleWithSwiftUI;
			productReference = F13873D42440A9C0008231AD /* ToggleWithSwiftUI.app */;
			productType = "com.apple.product-type.application";
		};
/* End PBXNativeTarget section */

/* Begin PBXProject section */
		F13873CC2440A9C0008231AD /* Project object */ = {
			isa = PBXProject;
			attributes = {
				LastSwiftUpdateCheck = 1140;
				LastUpgradeCheck = 1140;
				ORGANIZATIONNAME = "Sergio Becerril";
				TargetAttributes = {
					F13873D32440A9C0008231AD = {
						CreatedOnToolsVersion = 11.4;
					};
				};
			};
			buildConfigurationList = F13873CF2440A9C0008231AD /* Build configuration list for PBXProject "ToggleWithSwiftUI" */;
			compatibilityVersion = "Xcode 9.3";
			developmentRegion = en;
			hasScannedForEncodings = 0;
			knownRegions = (
				en,
				Base,
			);
			mainGroup = F13873CB2440A9C0008231AD;
			productRefGroup = F13873D52440A9C0008231AD /* Products */;
			projectDirPath = "";
			projectRoot = "";
			targets = (
				F13873D32440A9C0008231AD /* ToggleWithSwiftUI */,
			);
		};
/* End PBXProject section */

/* Begin PBXResourcesBuildPhase section */
		F13873D22440A9C0008231AD /* Resources */ = {
			isa = PBXResourcesBuildPhase;
			buildActionMask = 2147483647;
			files = (
				F13873E42440A9C1008231AD /* LaunchScreen.storyboard in Resources */,
				F13873E12440A9C1008231AD /* Preview Assets.xcassets in Resources */,
				F13873DE2440A9C1008231AD /* Assets.xcassets in Resources */,
			);
			runOnlyForDeploymentPostprocessing = 0;
		};
/* End PBXResourcesBuildPhase section */

/* Begin PBXSourcesBuildPhase section */
		F13873D02440A9C0008231AD /* Sources */ = {
			isa = PBXSourcesBuildPhase;
			buildActionMask = 2147483647;
			files = (
				F13873D82440A9C0008231AD /* AppDelegate.swift in Sources */,
				F13873DA2440A9C0008231AD /* SceneDelegate.swift in Sources */,
				F13873DC2440A9C0008231AD /* ContentView.swift in Sources */,
			);
			runOnlyForDeploymentPostprocessing = 0;
		};
/* End PBXSourcesBuildPhase section */

/* Begin PBXVariantGroup section */
		F13873E22440A9C1008231AD /* LaunchScreen.storyboard */ = {
			isa = PBXVariantGroup;
			children = (
				F13873E32440A9C1008231AD /* Base */,
			);
			name = LaunchScreen.storyboard;
			sourceTree = "<group>";
		};
/* End PBXVariantGroup section */

/* Begin XCBuildConfiguration section */
		F13873E62440A9C1008231AD /* Debug */ = {
			isa = XCBuildConfiguration;
			buildSettings = {
				ALWAYS_SEARCH_USER_PATHS = NO;
				CLANG_ANALYZER_NONNULL = YES;
				CLANG_ANALYZER_NUMBER_OBJECT_CONVERSION = YES_AGGRESSIVE;
				CLANG_CXX_LANGUAGE_STANDARD = "gnu++14";
				CLANG_CXX_LIBRARY = "libc++";
				CLANG_ENABLE_MODULES = YES;
				CLANG_ENABLE_OBJC_ARC = YES;
				CLANG_ENABLE_OBJC_WEAK = YES;
				CLANG_WARN_BLOCK_CAPTURE_AUTORELEASING = YES;
				CLANG_WARN_BOOL_CONVERSION = YES;
				CLANG_WARN_COMMA = YES;
				CLANG_WARN_CONSTANT_CONVERSION = YES;
				CLANG_WARN_DEPRECATED_OBJC_IMPLEMENTATIONS = YES;
				CLANG_WARN_DIRECT_OBJC_ISA_USAGE = YES_ERROR;
				CLANG_WARN_DOCUMENTATION_COMMENTS = YES;
				CLANG_WARN_EMPTY_BODY = YES;
				CLANG_WARN_ENUM_CONVERSION = YES;
				CLANG_WARN_INFINITE_RECURSION = YES;
				CLANG_WARN_INT_CONVERSION = YES;
				CLANG_WARN_NON_LITERAL_NULL_CONVERSION = YES;
				CLANG_WARN_OBJC_IMPLICIT_RETAIN_SELF = YES;
				CLANG_WARN_OBJC_LITERAL_CONVERSION = YES;
				CLANG_WARN_OBJC_ROOT_CLASS = YES_ERROR;
				CLANG_WARN_RANGE_LOOP_ANALYSIS = YES;
				CLANG_WARN_STRICT_PROTOTYPES = YES;
				CLANG_WARN_SUSPICIOUS_MOVE = YES;
				CLANG_WARN_UNGUARDED_AVAILABILITY = YES_AGGRESSIVE;
				CLANG_WARN_UNREACHABLE_CODE = YES;
				CLANG_WARN__DUPLICATE_METHOD_MATCH = YES;
				COPY_PHASE_STRIP = NO;
				DEBUG_INFORMATION_FORMAT = dwarf;
				ENABLE_STRICT_OBJC_MSGSEND = YES;
				ENABLE_TESTABILITY = YES;
				GCC_C_LANGUAGE_STANDARD = gnu11;
				GCC_DYNAMIC_NO_PIC = NO;
				GCC_NO_COMMON_BLOCKS = YES;
				GCC_OPTIMIZATION_LEVEL = 0;
				GCC_PREPROCESSOR_DEFINITIONS = (
					"DEBUG=1",
					"$(inherited)",
				);
				GCC_WARN_64_TO_32_BIT_CONVERSION = YES;
				GCC_WARN_ABOUT_RETURN_TYPE = YES_ERROR;
				GCC_WARN_UNDECLARED_SELECTOR = YES;
				GCC_WARN_UNINITIALIZED_AUTOS = YES_AGGRESSIVE;
				GCC_WARN_UNUSED_FUNCTION = YES;
				GCC_WARN_UNUSED_VARIABLE = YES;
				IPHONEOS_DEPLOYMENT_TARGET = 13.4;
				MTL_ENABLE_DEBUG_INFO = INCLUDE_SOURCE;
				MTL_FAST_MATH = YES;
				ONLY_ACTIVE_ARCH = YES;
				SDKROOT = iphoneos;
				SWIFT_ACTIVE_COMPILATION_CONDITIONS = DEBUG;
				SWIFT_OPTIMIZATION_LEVEL = "-Onone";
			};
			name = Debug;
		};
		F13873E72440A9C1008231AD /* Release */ = {
			isa = XCBuildConfiguration;
			buildSettings = {
				ALWAYS_SEARCH_USER_PATHS = NO;
				CLANG_ANALYZER_NONNULL = YES;
				CLANG_ANALYZER_NUMBER_OBJECT_CONVERSION = YES_AGGRESSIVE;
				CLANG_CXX_LANGUAGE_STANDARD = "gnu++14";
				CLANG_CXX_LIBRARY = "libc++";
				CLANG_ENABLE_MODULES = YES;
				CLANG_ENABLE_OBJC_ARC = YES;
				CLANG_ENABLE_OBJC_WEAK = YES;
				CLANG_WARN_BLOCK_CAPTURE_AUTORELEASING = YES;
				CLANG_WARN_BOOL_CONVERSION = YES;
				CLANG_WARN_COMMA = YES;
				CLANG_WARN_CONSTANT_CONVERSION = YES;
				CLANG_WARN_DEPRECATED_OBJC_IMPLEMENTATIONS = YES;
				CLANG_WARN_DIRECT_OBJC_ISA_USAGE = YES_ERROR;
				CLANG_WARN_DOCUMENTATION_COMMENTS = YES;
				CLANG_WARN_EMPTY_BODY = YES;
				CLANG_WARN_ENUM_CONVERSION = YES;
				CLANG_WARN_INFINITE_RECURSION = YES;
				CLANG_WARN_INT_CONVERSION = YES;
				CLANG_WARN_NON_LITERAL_NULL_CONVERSION = YES;
				CLANG_WARN_OBJC_IMPLICIT_RETAIN_SELF = YES;
				CLANG_WARN_OBJC_LITERAL_CONVERSION = YES;
				CLANG_WARN_OBJC_ROOT_CLASS = YES_ERROR;
				CLANG_WARN_RANGE_LOOP_ANALYSIS = YES;
				CLANG_WARN_STRICT_PROTOTYPES = YES;
				CLANG_WARN_SUSPICIOUS_MOVE = YES;
				CLANG_WARN_UNGUARDED_AVAILABILITY = YES_AGGRESSIVE;
				CLANG_WARN_UNREACHABLE_CODE = YES;
				CLANG_WARN__DUPLICATE_METHOD_MATCH = YES;
				COPY_PHASE_STRIP = NO;
				DEBUG_INFORMATION_FORMAT = "dwarf-with-dsym";
				ENABLE_NS_ASSERTIONS = NO;
				ENABLE_STRICT_OBJC_MSGSEND = YES;
				GCC_C_LANGUAGE_STANDARD = gnu11;
				GCC_NO_COMMON_BLOCKS = YES;
				GCC_WARN_64_TO_32_BIT_CONVERSION = YES;
				GCC_WARN_ABOUT_RETURN_TYPE = YES_ERROR;
				GCC_WARN_UNDECLARED_SELECTOR = YES;
				GCC_WARN_UNINITIALIZED_AUTOS = YES_AGGRESSIVE;
				GCC_WARN_UNUSED_FUNCTION = YES;
				GCC_WARN_UNUSED_VARIABLE = YES;
				IPHONEOS_DEPLOYMENT_TARGET = 13.4;
				MTL_ENABLE_DEBUG_INFO = NO;
				MTL_FAST_MATH = YES;
				SDKROOT = iphoneos;
				SWIFT_COMPILATION_MODE = wholemodule;
				SWIFT_OPTIMIZATION_LEVEL = "-O";
				VALIDATE_PRODUCT = YES;
			};
			name = Release;
		};
		F13873E92440A9C1008231AD /* Debug */ = {
			isa = XCBuildConfiguration;
			buildSettings = {
				ASSETCATALOG_COMPILER_APPICON_NAME = AppIcon;
				CODE_SIGN_STYLE = Automatic;
				DEVELOPMENT_ASSET_PATHS = "\"ToggleWithSwiftUI/Preview Content\"";
				DEVELOPMENT_TEAM = 949U3Q464W;
				ENABLE_PREVIEWS = YES;
				INFOPLIST_FILE = ToggleWithSwiftUI/Info.plist;
				LD_RUNPATH_SEARCH_PATHS = (
					"$(inherited)",
					"@executable_path/Frameworks",
				);
				PRODUCT_BUNDLE_IDENTIFIER = com.sergiobecerril.ToggleWithSwiftUI;
				PRODUCT_NAME = "$(TARGET_NAME)";
				SWIFT_VERSION = 5.0;
				TARGETED_DEVICE_FAMILY = "1,2";
			};
			name = Debug;
		};
		F13873EA2440A9C1008231AD /* Release */ = {
			isa = XCBuildConfiguration;
			buildSettings = {
				ASSETCATALOG_COMPILER_APPICON_NAME = AppIcon;
				CODE_SIGN_STYLE = Automatic;
				DEVELOPMENT_ASSET_PATHS = "\"ToggleWithSwiftUI/Preview Content\"";
				DEVELOPMENT_TEAM = 949U3Q464W;
				ENABLE_PREVIEWS = YES;
				INFOPLIST_FILE = ToggleWithSwiftUI/Info.plist;
				LD_RUNPATH_SEARCH_PATHS = (
					"$(inherited)",
					"@executable_path/Frameworks",
				);
				PRODUCT_BUNDLE_IDENTIFIER = com.sergiobecerril.ToggleWithSwiftUI;
				PRODUCT_NAME = "$(TARGET_NAME)";
				SWIFT_VERSION = 5.0;
				TARGETED_DEVICE_FAMILY = "1,2";
			};
			name = Release;
		};
/* End XCBuildConfiguration section */

/* Begin XCConfigurationList section */
		F13873CF2440A9C0008231AD /* Build configuration list for PBXProject "ToggleWithSwiftUI" */ = {
			isa = XCConfigurationList;
			buildConfigurations = (
				F13873E62440A9C1008231AD /* Debug */,
				F13873E72440A9C1008231AD /* Release */,
			);
			defaultConfigurationIsVisible = 0;
			defaultConfigurationName = Release;
		};
		F13873E82440A9C1008231AD /* Build configuration list for PBXNativeTarget "ToggleWithSwiftUI" */ = {
			isa = XCConfigurationList;
			buildConfigurations = (
				F13873E92440A9C1008231AD /* Debug */,
				F13873EA2440A9C1008231AD /* Release */,
			);
			defaultConfigurationIsVisible = 0;
			defaultConfigurationName = Release;
		};
/* End XCConfigurationList section */
	};
	rootObject = F13873CC2440A9C0008231AD /* Project object */;
}
